
Microsoft Visual Studio Solution File, Format Version 12.00
# Visual Studio 14
VisualStudioVersion = 14.0.23107.0
MinimumVisualStudioVersion = 10.0.40219.1
Project("{8BC9CEB8-8B4A-11D0-8D11-00A0C91BC942}") = "MMAPFile", "MemoryMappedFile\MemoryMappedFile.vcxproj", "{4846F8C2-B436-4AF0-AA71-4E8D109D010E}"
EndProject
Project("{8BC9CEB8-8B4A-11D0-8D11-00A0C91BC942}") = "mman", "mman-win32\mman.vcxproj", "{F118CC2E-9AED-4DB0-9BF4-028781D97AD1}"
EndProject
Project("{8BC9CEB8-8B4A-11D0-8D11-00A0C91BC942}") = "Filesystem", "Filesystem\Filesystem.vcxproj", "{0FB3AA1C-3B48-4987-86A4-78F1305EE19F}"
EndProject
Project("{8BC9CEB8-8B4A-11D0-8D11-00A0C91BC942}") = "Logging", "Logging\Logging.vcxproj", "{9812A753-5DEB-4614-BBBD-67B3091E98DA}"
EndProject
Project("{8BC9CEB8-8B4A-11D0-8D11-00A0C91BC942}") = "Testing", "Testing\Testing.vcxproj", "{9FA4ADB7-BBA6-4CD2-896E-59EEC8128204}"
	ProjectSection(ProjectDependencies) = postProject
		{0FB3AA1C-3B48-4987-86A4-78F1305EE19F} = {0FB3AA1C-3B48-4987-86A4-78F1305EE19F}
		{F118CC2E-9AED-4DB0-9BF4-028781D97AD1} = {F118CC2E-9AED-4DB0-9BF4-028781D97AD1}
		{9812A753-5DEB-4614-BBBD-67B3091E98DA} = {9812A753-5DEB-4614-BBBD-67B3091E98DA}
		{4846F8C2-B436-4AF0-AA71-4E8D109D010E} = {4846F8C2-B436-4AF0-AA71-4E8D109D010E}
		{83EA81C8-E29D-407F-B8B3-8647F46E9115} = {83EA81C8-E29D-407F-B8B3-8647F46E9115}
		{D1A40FCD-B4DA-43C3-BF60-1C1D900BFDBE} = {D1A40FCD-B4DA-43C3-BF60-1C1D900BFDBE}
	EndProjectSection
EndProject
Project("{8BC9CEB8-8B4A-11D0-8D11-00A0C91BC942}") = "RapidStash", "RapidStash\RapidStash.vcxproj", "{D1A40FCD-B4DA-43C3-BF60-1C1D900BFDBE}"
EndProject
Project("{8BC9CEB8-8B4A-11D0-8D11-00A0C91BC942}") = "ThreadPool", "ThreadPool\ThreadPool.vcxproj", "{83EA81C8-E29D-407F-B8B3-8647F46E9115}"
EndProject
Global
	GlobalSection(SolutionConfigurationPlatforms) = preSolution
		Debug|x64 = Debug|x64
		Debug|x86 = Debug|x86
		Release|x64 = Release|x64
		Release|x86 = Release|x86
	EndGlobalSection
	GlobalSection(ProjectConfigurationPlatforms) = postSolution
		{4846F8C2-B436-4AF0-AA71-4E8D109D010E}.Debug|x64.ActiveCfg = Release|x64
		{4846F8C2-B436-4AF0-AA71-4E8D109D010E}.Debug|x64.Build.0 = Release|x64
		{4846F8C2-B436-4AF0-AA71-4E8D109D010E}.Debug|x86.ActiveCfg = Debug|Win32
		{4846F8C2-B436-4AF0-AA71-4E8D109D010E}.Debug|x86.Build.0 = Debug|Win32
		{4846F8C2-B436-4AF0-AA71-4E8D109D010E}.Release|x64.ActiveCfg = Release|x64
		{4846F8C2-B436-4AF0-AA71-4E8D109D010E}.Release|x64.Build.0 = Release|x64
		{4846F8C2-B436-4AF0-AA71-4E8D109D010E}.Release|x86.ActiveCfg = Release|Win32
		{4846F8C2-B436-4AF0-AA71-4E8D109D010E}.Release|x86.Build.0 = Release|Win32
		{F118CC2E-9AED-4DB0-9BF4-028781D97AD1}.Debug|x64.ActiveCfg = Release|x64
		{F118CC2E-9AED-4DB0-9BF4-028781D97AD1}.Debug|x64.Build.0 = Release|x64
		{F118CC2E-9AED-4DB0-9BF4-028781D97AD1}.Debug|x86.ActiveCfg = Debug|Win32
		{F118CC2E-9AED-4DB0-9BF4-028781D97AD1}.Debug|x86.Build.0 = Debug|Win32
		{F118CC2E-9AED-4DB0-9BF4-028781D97AD1}.Release|x64.ActiveCfg = Release|x64
		{F118CC2E-9AED-4DB0-9BF4-028781D97AD1}.Release|x64.Build.0 = Release|x64
		{F118CC2E-9AED-4DB0-9BF4-028781D97AD1}.Release|x86.ActiveCfg = Release|Win32
		{F118CC2E-9AED-4DB0-9BF4-028781D97AD1}.Release|x86.Build.0 = Release|Win32
		{0FB3AA1C-3B48-4987-86A4-78F1305EE19F}.Debug|x64.ActiveCfg = Release|x64
		{0FB3AA1C-3B48-4987-86A4-78F1305EE19F}.Debug|x64.Build.0 = Release|x64
		{0FB3AA1C-3B48-4987-86A4-78F1305EE19F}.Debug|x86.ActiveCfg = Debug|Win32
		{0FB3AA1C-3B48-4987-86A4-78F1305EE19F}.Debug|x86.Build.0 = Debug|Win32
		{0FB3AA1C-3B48-4987-86A4-78F1305EE19F}.Release|x64.ActiveCfg = Release|x64
		{0FB3AA1C-3B48-4987-86A4-78F1305EE19F}.Release|x64.Build.0 = Release|x64
		{0FB3AA1C-3B48-4987-86A4-78F1305EE19F}.Release|x86.ActiveCfg = Release|Win32
		{0FB3AA1C-3B48-4987-86A4-78F1305EE19F}.Release|x86.Build.0 = Release|Win32
		{9812A753-5DEB-4614-BBBD-67B3091E98DA}.Debug|x64.ActiveCfg = Release|x64
		{9812A753-5DEB-4614-BBBD-67B3091E98DA}.Debug|x64.Build.0 = Release|x64
		{9812A753-5DEB-4614-BBBD-67B3091E98DA}.Debug|x86.ActiveCfg = Debug|Win32
		{9812A753-5DEB-4614-BBBD-67B3091E98DA}.Debug|x86.Build.0 = Debug|Win32
		{9812A753-5DEB-4614-BBBD-67B3091E98DA}.Release|x64.ActiveCfg = Release|x64
		{9812A753-5DEB-4614-BBBD-67B3091E98DA}.Release|x64.Build.0 = Release|x64
		{9812A753-5DEB-4614-BBBD-67B3091E98DA}.Release|x86.ActiveCfg = Release|Win32
		{9812A753-5DEB-4614-BBBD-67B3091E98DA}.Release|x86.Build.0 = Release|Win32
		{9FA4ADB7-BBA6-4CD2-896E-59EEC8128204}.Debug|x64.ActiveCfg = Release|x64
		{9FA4ADB7-BBA6-4CD2-896E-59EEC8128204}.Debug|x64.Build.0 = Release|x64
		{9FA4ADB7-BBA6-4CD2-896E-59EEC8128204}.Debug|x86.ActiveCfg = Debug|Win32
		{9FA4ADB7-BBA6-4CD2-896E-59EEC8128204}.Debug|x86.Build.0 = Debug|Win32
		{9FA4ADB7-BBA6-4CD2-896E-59EEC8128204}.Release|x64.ActiveCfg = Release|x64
		{9FA4ADB7-BBA6-4CD2-896E-59EEC8128204}.Release|x64.Build.0 = Release|x64
		{9FA4ADB7-BBA6-4CD2-896E-59EEC8128204}.Release|x86.ActiveCfg = Release|Win32
		{9FA4ADB7-BBA6-4CD2-896E-59EEC8128204}.Release|x86.Build.0 = Release|Win32
		{D1A40FCD-B4DA-43C3-BF60-1C1D900BFDBE}.Debug|x64.ActiveCfg = Release|x64
		{D1A40FCD-B4DA-43C3-BF60-1C1D900BFDBE}.Debug|x64.Build.0 = Release|x64
		{D1A40FCD-B4DA-43C3-BF60-1C1D900BFDBE}.Debug|x86.ActiveCfg = Debug|Win32
		{D1A40FCD-B4DA-43C3-BF60-1C1D900BFDBE}.Debug|x86.Build.0 = Debug|Win32
		{D1A40FCD-B4DA-43C3-BF60-1C1D900BFDBE}.Release|x64.ActiveCfg = Release|x64
		{D1A40FCD-B4DA-43C3-BF60-1C1D900BFDBE}.Release|x64.Build.0 = Release|x64
		{D1A40FCD-B4DA-43C3-BF60-1C1D900BFDBE}.Release|x86.ActiveCfg = Release|Win32
		{D1A40FCD-B4DA-43C3-BF60-1C1D900BFDBE}.Release|x86.Build.0 = Release|Win32
		{83EA81C8-E29D-407F-B8B3-8647F46E9115}.Debug|x64.ActiveCfg = Release|x64
		{83EA81C8-E29D-407F-B8B3-8647F46E9115}.Debug|x64.Build.0 = Release|x64
		{83EA81C8-E29D-407F-B8B3-8647F46E9115}.Debug|x86.ActiveCfg = Debug|Win32
		{83EA81C8-E29D-407F-B8B3-8647F46E9115}.Debug|x86.Build.0 = Debug|Win32
		{83EA81C8-E29D-407F-B8B3-8647F46E9115}.Release|x64.ActiveCfg = Release|x64
		{83EA81C8-E29D-407F-B8B3-8647F46E9115}.Release|x64.Build.0 = Release|x64
		{83EA81C8-E29D-407F-B8B3-8647F46E9115}.Release|x86.ActiveCfg = Release|Win32
		{83EA81C8-E29D-407F-B8B3-8647F46E9115}.Release|x86.Build.0 = Release|Win32
	EndGlobalSection
	GlobalSection(SolutionProperties) = preSolution
		HideSolutionNode = FALSE
	EndGlobalSection
EndGlobal
